{
    "version": 3,
    "terraform_version": "0.11.13",
    "serial": 35,
    "lineage": "2efb6642-f14d-e2fa-e848-fbfc3d5b3f59",
    "modules": [
        {
            "path": [
                "root"
            ],
            "outputs": {},
            "resources": {
                "azurerm_network_interface.CICD": {
                    "type": "azurerm_network_interface",
                    "depends_on": [
                        "azurerm_network_security_group.CICD",
                        "azurerm_public_ip.CICD",
                        "azurerm_resource_group.CICD",
                        "azurerm_subnet.CICD"
                    ],
                    "primary": {
                        "id": "/subscriptions/616dc8cb-ad45-4037-8802-ed33477a2247/resourceGroups/cicdrg/providers/Microsoft.Network/networkInterfaces/cicdNIC",
                        "attributes": {
                            "applied_dns_servers.#": "0",
                            "dns_servers.#": "0",
                            "enable_accelerated_networking": "false",
                            "enable_ip_forwarding": "false",
                            "id": "/subscriptions/616dc8cb-ad45-4037-8802-ed33477a2247/resourceGroups/cicdrg/providers/Microsoft.Network/networkInterfaces/cicdNIC",
                            "internal_dns_name_label": "",
                            "internal_fqdn": "",
                            "ip_configuration.#": "1",
                            "ip_configuration.0.application_gateway_backend_address_pools_ids.#": "0",
                            "ip_configuration.0.application_security_group_ids.#": "0",
                            "ip_configuration.0.load_balancer_backend_address_pools_ids.#": "0",
                            "ip_configuration.0.load_balancer_inbound_nat_rules_ids.#": "0",
                            "ip_configuration.0.name": "cicdNicConfig",
                            "ip_configuration.0.primary": "true",
                            "ip_configuration.0.private_ip_address": "",
                            "ip_configuration.0.private_ip_address_allocation": "dynamic",
                            "ip_configuration.0.private_ip_address_version": "IPv4",
                            "ip_configuration.0.public_ip_address_id": "/subscriptions/616dc8cb-ad45-4037-8802-ed33477a2247/resourceGroups/cicdrg/providers/Microsoft.Network/publicIPAddresses/cicdPIP",
                            "ip_configuration.0.subnet_id": "/subscriptions/616dc8cb-ad45-4037-8802-ed33477a2247/resourceGroups/cicdrg/providers/Microsoft.Network/virtualNetworks/cicdVnet/subnets/cicdSubnet",
                            "location": "eastus",
                            "mac_address": "",
                            "name": "cicdNIC",
                            "network_security_group_id": "/subscriptions/616dc8cb-ad45-4037-8802-ed33477a2247/resourceGroups/cicdrg/providers/Microsoft.Network/networkSecurityGroups/cicdNSG",
                            "private_ip_address": "10.0.1.4",
                            "private_ip_addresses.#": "1",
                            "private_ip_addresses.0": "10.0.1.4",
                            "resource_group_name": "cicdrg",
                            "tags.%": "1",
                            "tags.environment": "devops"
                        },
                        "meta": {},
                        "tainted": false
                    },
                    "deposed": [],
                    "provider": "provider.azurerm"
                },
                "azurerm_network_security_group.CICD": {
                    "type": "azurerm_network_security_group",
                    "depends_on": [
                        "azurerm_resource_group.CICD"
                    ],
                    "primary": {
                        "id": "/subscriptions/616dc8cb-ad45-4037-8802-ed33477a2247/resourceGroups/cicdrg/providers/Microsoft.Network/networkSecurityGroups/cicdNSG",
                        "attributes": {
                            "id": "/subscriptions/616dc8cb-ad45-4037-8802-ed33477a2247/resourceGroups/cicdrg/providers/Microsoft.Network/networkSecurityGroups/cicdNSG",
                            "location": "eastus",
                            "name": "cicdNSG",
                            "resource_group_name": "cicdrg",
                            "security_rule.#": "3",
                            "security_rule.2090309246.access": "Allow",
                            "security_rule.2090309246.description": "",
                            "security_rule.2090309246.destination_address_prefix": "*",
                            "security_rule.2090309246.destination_address_prefixes.#": "0",
                            "security_rule.2090309246.destination_application_security_group_ids.#": "0",
                            "security_rule.2090309246.destination_port_range": "22",
                            "security_rule.2090309246.destination_port_ranges.#": "0",
                            "security_rule.2090309246.direction": "Inbound",
                            "security_rule.2090309246.name": "SSH",
                            "security_rule.2090309246.priority": "1001",
                            "security_rule.2090309246.protocol": "Tcp",
                            "security_rule.2090309246.source_address_prefix": "*",
                            "security_rule.2090309246.source_address_prefixes.#": "0",
                            "security_rule.2090309246.source_application_security_group_ids.#": "0",
                            "security_rule.2090309246.source_port_range": "*",
                            "security_rule.2090309246.source_port_ranges.#": "0",
                            "security_rule.252845354.access": "Allow",
                            "security_rule.252845354.description": "",
                            "security_rule.252845354.destination_address_prefix": "*",
                            "security_rule.252845354.destination_address_prefixes.#": "0",
                            "security_rule.252845354.destination_application_security_group_ids.#": "0",
                            "security_rule.252845354.destination_port_range": "8080",
                            "security_rule.252845354.destination_port_ranges.#": "0",
                            "security_rule.252845354.direction": "Inbound",
                            "security_rule.252845354.name": "Port_8080",
                            "security_rule.252845354.priority": "102",
                            "security_rule.252845354.protocol": "*",
                            "security_rule.252845354.source_address_prefix": "*",
                            "security_rule.252845354.source_address_prefixes.#": "0",
                            "security_rule.252845354.source_application_security_group_ids.#": "0",
                            "security_rule.252845354.source_port_range": "*",
                            "security_rule.252845354.source_port_ranges.#": "0",
                            "security_rule.3603924579.access": "Allow",
                            "security_rule.3603924579.description": "",
                            "security_rule.3603924579.destination_address_prefix": "*",
                            "security_rule.3603924579.destination_address_prefixes.#": "0",
                            "security_rule.3603924579.destination_application_security_group_ids.#": "0",
                            "security_rule.3603924579.destination_port_range": "2376",
                            "security_rule.3603924579.destination_port_ranges.#": "0",
                            "security_rule.3603924579.direction": "Inbound",
                            "security_rule.3603924579.name": "Docker_Port",
                            "security_rule.3603924579.priority": "101",
                            "security_rule.3603924579.protocol": "*",
                            "security_rule.3603924579.source_address_prefix": "*",
                            "security_rule.3603924579.source_address_prefixes.#": "0",
                            "security_rule.3603924579.source_application_security_group_ids.#": "0",
                            "security_rule.3603924579.source_port_range": "*",
                            "security_rule.3603924579.source_port_ranges.#": "0",
                            "tags.%": "1",
                            "tags.environment": "devops"
                        },
                        "meta": {},
                        "tainted": false
                    },
                    "deposed": [],
                    "provider": "provider.azurerm"
                },
                "azurerm_public_ip.CICD": {
                    "type": "azurerm_public_ip",
                    "depends_on": [
                        "azurerm_resource_group.CICD"
                    ],
                    "primary": {
                        "id": "/subscriptions/616dc8cb-ad45-4037-8802-ed33477a2247/resourceGroups/cicdrg/providers/Microsoft.Network/publicIPAddresses/cicdPIP",
                        "attributes": {
                            "allocation_method": "Dynamic",
                            "id": "/subscriptions/616dc8cb-ad45-4037-8802-ed33477a2247/resourceGroups/cicdrg/providers/Microsoft.Network/publicIPAddresses/cicdPIP",
                            "idle_timeout_in_minutes": "4",
                            "ip_address": "",
                            "ip_version": "IPv4",
                            "location": "eastus",
                            "name": "cicdPIP",
                            "public_ip_address_allocation": "Dynamic",
                            "resource_group_name": "cicdrg",
                            "sku": "Basic",
                            "tags.%": "1",
                            "tags.environment": "devops",
                            "zones.#": "0"
                        },
                        "meta": {},
                        "tainted": false
                    },
                    "deposed": [],
                    "provider": "provider.azurerm"
                },
                "azurerm_resource_group.CICD": {
                    "type": "azurerm_resource_group",
                    "depends_on": [],
                    "primary": {
                        "id": "/subscriptions/616dc8cb-ad45-4037-8802-ed33477a2247/resourceGroups/cicdrg",
                        "attributes": {
                            "id": "/subscriptions/616dc8cb-ad45-4037-8802-ed33477a2247/resourceGroups/cicdrg",
                            "location": "eastus",
                            "name": "cicdrg",
                            "tags.%": "1",
                            "tags.environment": "devops"
                        },
                        "meta": {},
                        "tainted": false
                    },
                    "deposed": [],
                    "provider": "provider.azurerm"
                },
                "azurerm_storage_account.CICD": {
                    "type": "azurerm_storage_account",
                    "depends_on": [
                        "azurerm_resource_group.CICD",
                        "random_id.randomId"
                    ],
                    "primary": {
                        "id": "/subscriptions/616dc8cb-ad45-4037-8802-ed33477a2247/resourceGroups/cicdrg/providers/Microsoft.Storage/storageAccounts/cicddd85b2641ecf7f8b",
                        "attributes": {
                            "access_tier": "",
                            "account_encryption_source": "Microsoft.Storage",
                            "account_kind": "Storage",
                            "account_replication_type": "LRS",
                            "account_tier": "Standard",
                            "account_type": "Standard_LRS",
                            "enable_blob_encryption": "true",
                            "enable_file_encryption": "true",
                            "enable_https_traffic_only": "false",
                            "id": "/subscriptions/616dc8cb-ad45-4037-8802-ed33477a2247/resourceGroups/cicdrg/providers/Microsoft.Storage/storageAccounts/cicddd85b2641ecf7f8b",
                            "identity.#": "0",
                            "is_hns_enabled": "false",
                            "location": "eastus",
                            "name": "cicddd85b2641ecf7f8b",
                            "network_rules.#": "0",
                            "primary_access_key": "pMz7RME6VNPwkqzm9yjVvWGKEbFjNSoYsP1Ss+mFfEBznx2mYTfCHpFzefr/awx4PRSNkQEPKKBe+sqcfsdBHg==",
                            "primary_blob_connection_string": "DefaultEndpointsProtocol=https;BlobEndpoint=https://cicddd85b2641ecf7f8b.blob.core.windows.net/;AccountName=cicddd85b2641ecf7f8b;AccountKey=pMz7RME6VNPwkqzm9yjVvWGKEbFjNSoYsP1Ss+mFfEBznx2mYTfCHpFzefr/awx4PRSNkQEPKKBe+sqcfsdBHg==",
                            "primary_blob_endpoint": "https://cicddd85b2641ecf7f8b.blob.core.windows.net/",
                            "primary_blob_host": "cicddd85b2641ecf7f8b.blob.core.windows.net",
                            "primary_connection_string": "DefaultEndpointsProtocol=https;AccountName=cicddd85b2641ecf7f8b;AccountKey=pMz7RME6VNPwkqzm9yjVvWGKEbFjNSoYsP1Ss+mFfEBznx2mYTfCHpFzefr/awx4PRSNkQEPKKBe+sqcfsdBHg==;EndpointSuffix=core.windows.net",
                            "primary_dfs_endpoint": "",
                            "primary_dfs_host": "",
                            "primary_file_endpoint": "https://cicddd85b2641ecf7f8b.file.core.windows.net/",
                            "primary_file_host": "cicddd85b2641ecf7f8b.file.core.windows.net",
                            "primary_location": "eastus",
                            "primary_queue_endpoint": "https://cicddd85b2641ecf7f8b.queue.core.windows.net/",
                            "primary_queue_host": "cicddd85b2641ecf7f8b.queue.core.windows.net",
                            "primary_table_endpoint": "https://cicddd85b2641ecf7f8b.table.core.windows.net/",
                            "primary_table_host": "cicddd85b2641ecf7f8b.table.core.windows.net",
                            "primary_web_endpoint": "",
                            "primary_web_host": "",
                            "resource_group_name": "cicdrg",
                            "secondary_access_key": "XLM2T9Eg+rTldvtGOflnY4btIiYjpqYrZNjwseT8/4+hbEaEeB/XT+56aHeM3ed7ekMVDINN4bpWGcfnWbJr/g==",
                            "secondary_blob_connection_string": "",
                            "secondary_connection_string": "DefaultEndpointsProtocol=https;AccountName=cicddd85b2641ecf7f8b;AccountKey=XLM2T9Eg+rTldvtGOflnY4btIiYjpqYrZNjwseT8/4+hbEaEeB/XT+56aHeM3ed7ekMVDINN4bpWGcfnWbJr/g==;EndpointSuffix=core.windows.net",
                            "secondary_location": "",
                            "tags.%": "1",
                            "tags.environment": "devops"
                        },
                        "meta": {
                            "schema_version": "2"
                        },
                        "tainted": false
                    },
                    "deposed": [],
                    "provider": "provider.azurerm"
                },
                "azurerm_subnet.CICD": {
                    "type": "azurerm_subnet",
                    "depends_on": [
                        "azurerm_resource_group.CICD",
                        "azurerm_virtual_network.CICD"
                    ],
                    "primary": {
                        "id": "/subscriptions/616dc8cb-ad45-4037-8802-ed33477a2247/resourceGroups/cicdrg/providers/Microsoft.Network/virtualNetworks/cicdVnet/subnets/cicdSubnet",
                        "attributes": {
                            "address_prefix": "10.0.1.0/24",
                            "delegation.#": "0",
                            "id": "/subscriptions/616dc8cb-ad45-4037-8802-ed33477a2247/resourceGroups/cicdrg/providers/Microsoft.Network/virtualNetworks/cicdVnet/subnets/cicdSubnet",
                            "ip_configurations.#": "0",
                            "name": "cicdSubnet",
                            "network_security_group_id": "",
                            "resource_group_name": "cicdrg",
                            "route_table_id": "",
                            "service_endpoints.#": "0",
                            "virtual_network_name": "cicdVnet"
                        },
                        "meta": {},
                        "tainted": false
                    },
                    "deposed": [],
                    "provider": "provider.azurerm"
                },
                "azurerm_virtual_machine.CICD": {
                    "type": "azurerm_virtual_machine",
                    "depends_on": [
                        "azurerm_network_interface.CICD",
                        "azurerm_resource_group.CICD",
                        "azurerm_storage_account.CICD",
                        "local.admin_username"
                    ],
                    "primary": {
                        "id": "/subscriptions/616dc8cb-ad45-4037-8802-ed33477a2247/resourceGroups/cicdrg/providers/Microsoft.Compute/virtualMachines/cicdmastervm",
                        "attributes": {
                            "boot_diagnostics.#": "1",
                            "boot_diagnostics.0.enabled": "true",
                            "boot_diagnostics.0.storage_uri": "https://cicddd85b2641ecf7f8b.blob.core.windows.net/",
                            "delete_data_disks_on_termination": "false",
                            "delete_os_disk_on_termination": "true",
                            "id": "/subscriptions/616dc8cb-ad45-4037-8802-ed33477a2247/resourceGroups/cicdrg/providers/Microsoft.Compute/virtualMachines/cicdmastervm",
                            "identity.#": "0",
                            "location": "eastus",
                            "name": "cicdmastervm",
                            "network_interface_ids.#": "1",
                            "network_interface_ids.0": "/subscriptions/616dc8cb-ad45-4037-8802-ed33477a2247/resourceGroups/cicdrg/providers/Microsoft.Network/networkInterfaces/cicdNIC",
                            "os_profile.#": "1",
                            "os_profile.4219171293.admin_password": "",
                            "os_profile.4219171293.admin_username": "testadmin",
                            "os_profile.4219171293.computer_name": "cicdvm",
                            "os_profile.4219171293.custom_data": "",
                            "os_profile_linux_config.#": "1",
                            "os_profile_linux_config.69840937.disable_password_authentication": "true",
                            "os_profile_linux_config.69840937.ssh_keys.#": "1",
                            "os_profile_linux_config.69840937.ssh_keys.0.key_data": "ssh-rsa AAAAB3NzaC1yc2EAAAADAQABAAABAQC5XiVtSZc63lf5HmYKoVuSsqLMhra9yM1K//pGsnCVrciUw9PAL26lewgvDW8fLxDGupCMlltUvEyKBgON6j2ft7ybobUWxeE3iCihALY0+QTevuKkzIxkl3Sy46UtnCt/beiJ6mNVt7WblUHOxzFizkUBbzDEEpgHwKjpP50ZqMu2Um/6wj8+uUfRzllQjg6la+Ssr44+j0c5LXUzlk0cOCAsUyRnGQO0pgh/l5jvDppmL5yDRNAYRQUVIz7TrW+vCFJI9p3CbwXTclHXq2AQ/ocNRDT5IQuwl5YcpQuxrDCEtaRRYMWovyXoXGFmeescyXFe3KajMpIPiU6RyMgP jaigandh@LNAR-5CG8430F5X",
                            "os_profile_linux_config.69840937.ssh_keys.0.path": "/home/testadmin/.ssh/authorized_keys",
                            "os_profile_secrets.#": "0",
                            "os_profile_windows_config.#": "0",
                            "plan.#": "0",
                            "resource_group_name": "cicdrg",
                            "storage_data_disk.#": "0",
                            "storage_image_reference.#": "1",
                            "storage_image_reference.363552096.id": "",
                            "storage_image_reference.363552096.offer": "UbuntuServer",
                            "storage_image_reference.363552096.publisher": "Canonical",
                            "storage_image_reference.363552096.sku": "16.04.0-LTS",
                            "storage_image_reference.363552096.version": "latest",
                            "storage_os_disk.#": "1",
                            "storage_os_disk.0.caching": "ReadWrite",
                            "storage_os_disk.0.create_option": "FromImage",
                            "storage_os_disk.0.disk_size_gb": "30",
                            "storage_os_disk.0.image_uri": "",
                            "storage_os_disk.0.managed_disk_id": "/subscriptions/616dc8cb-ad45-4037-8802-ed33477a2247/resourceGroups/cicdrg/providers/Microsoft.Compute/disks/cicdOsDisk",
                            "storage_os_disk.0.managed_disk_type": "Premium_LRS",
                            "storage_os_disk.0.name": "cicdOsDisk",
                            "storage_os_disk.0.os_type": "Linux",
                            "storage_os_disk.0.vhd_uri": "",
                            "storage_os_disk.0.write_accelerator_enabled": "false",
                            "tags.%": "1",
                            "tags.environment": "devops",
                            "vm_size": "Standard_DS1_v2",
                            "zones.#": "0"
                        },
                        "meta": {},
                        "tainted": true
                    },
                    "deposed": [],
                    "provider": "provider.azurerm"
                },
                "azurerm_virtual_network.CICD": {
                    "type": "azurerm_virtual_network",
                    "depends_on": [
                        "azurerm_resource_group.CICD"
                    ],
                    "primary": {
                        "id": "/subscriptions/616dc8cb-ad45-4037-8802-ed33477a2247/resourceGroups/cicdrg/providers/Microsoft.Network/virtualNetworks/cicdVnet",
                        "attributes": {
                            "address_space.#": "1",
                            "address_space.0": "10.0.0.0/16",
                            "ddos_protection_plan.#": "0",
                            "dns_servers.#": "0",
                            "id": "/subscriptions/616dc8cb-ad45-4037-8802-ed33477a2247/resourceGroups/cicdrg/providers/Microsoft.Network/virtualNetworks/cicdVnet",
                            "location": "eastus",
                            "name": "cicdVnet",
                            "resource_group_name": "cicdrg",
                            "subnet.#": "0",
                            "tags.%": "1",
                            "tags.environment": "devops"
                        },
                        "meta": {},
                        "tainted": false
                    },
                    "deposed": [],
                    "provider": "provider.azurerm"
                },
                "random_id.randomId": {
                    "type": "random_id",
                    "depends_on": [
                        "azurerm_resource_group.CICD"
                    ],
                    "primary": {
                        "id": "3YWyZB7Pf4s",
                        "attributes": {
                            "b64": "3YWyZB7Pf4s",
                            "b64_std": "3YWyZB7Pf4s=",
                            "b64_url": "3YWyZB7Pf4s",
                            "byte_length": "8",
                            "dec": "15962360597367979915",
                            "hex": "dd85b2641ecf7f8b",
                            "id": "3YWyZB7Pf4s",
                            "keepers.%": "1",
                            "keepers.resource_group": "cicdrg"
                        },
                        "meta": {},
                        "tainted": false
                    },
                    "deposed": [],
                    "provider": "provider.random"
                }
            },
            "depends_on": []
        }
    ]
}
